
Microsoft Visual Studio Solution File, Format Version 12.00
# Visual Studio Version 17
VisualStudioVersion = 17.1.31903.286
MinimumVisualStudioVersion = 10.0.40219.1
Project("{FAE04EC0-301F-11D3-BF4B-00C04F79EFBC}") = "Ross", "Ross\Ross.csproj", "{F9F51F47-1389-42B1-BB8C-79A2D4B3D7FE}"
EndProject
Project("{9A19103F-16F7-4668-BE54-9A1E7A4F7556}") = "TransmissionLib", "..\..\OD\od_future\DataTransferServer\TransmissionLib\TransmissionLib.csproj", "{853345A0-4FDA-43F6-B62A-D16F9AC1DC31}"
EndProject
Global
	GlobalSection(SolutionConfigurationPlatforms) = preSolution
		Debug|Any CPU = Debug|Any CPU
		Debug|x64 = Debug|x64
		Release|Any CPU = Release|Any CPU
		Release|x64 = Release|x64
	EndGlobalSection
	GlobalSection(ProjectConfigurationPlatforms) = postSolution
		{F9F51F47-1389-42B1-BB8C-79A2D4B3D7FE}.Debug|Any CPU.ActiveCfg = Debug|x64
		{F9F51F47-1389-42B1-BB8C-79A2D4B3D7FE}.Debug|Any CPU.Build.0 = Debug|x64
		{F9F51F47-1389-42B1-BB8C-79A2D4B3D7FE}.Debug|x64.ActiveCfg = Debug|x64
		{F9F51F47-1389-42B1-BB8C-79A2D4B3D7FE}.Debug|x64.Build.0 = Debug|x64
		{F9F51F47-1389-42B1-BB8C-79A2D4B3D7FE}.Release|Any CPU.ActiveCfg = Release|Any CPU
		{F9F51F47-1389-42B1-BB8C-79A2D4B3D7FE}.Release|Any CPU.Build.0 = Release|Any CPU
		{F9F51F47-1389-42B1-BB8C-79A2D4B3D7FE}.Release|x64.ActiveCfg = Release|x64
		{F9F51F47-1389-42B1-BB8C-79A2D4B3D7FE}.Release|x64.Build.0 = Release|x64
		{853345A0-4FDA-43F6-B62A-D16F9AC1DC31}.Debug|Any CPU.ActiveCfg = Debug|Any CPU
		{853345A0-4FDA-43F6-B62A-D16F9AC1DC31}.Debug|Any CPU.Build.0 = Debug|Any CPU
		{853345A0-4FDA-43F6-B62A-D16F9AC1DC31}.Debug|x64.ActiveCfg = Debug|Any CPU
		{853345A0-4FDA-43F6-B62A-D16F9AC1DC31}.Debug|x64.Build.0 = Debug|Any CPU
		{853345A0-4FDA-43F6-B62A-D16F9AC1DC31}.Release|Any CPU.ActiveCfg = Release|Any CPU
		{853345A0-4FDA-43F6-B62A-D16F9AC1DC31}.Release|Any CPU.Build.0 = Release|Any CPU
		{853345A0-4FDA-43F6-B62A-D16F9AC1DC31}.Release|x64.ActiveCfg = Release|Any CPU
		{853345A0-4FDA-43F6-B62A-D16F9AC1DC31}.Release|x64.Build.0 = Release|Any CPU
	EndGlobalSection
	GlobalSection(SolutionProperties) = preSolution
		HideSolutionNode = FALSE
	EndGlobalSection
	GlobalSection(ExtensibilityGlobals) = postSolution
		SolutionGuid = {E117253E-05C9-41C8-9BC0-EAA16C02E77C}
	EndGlobalSection
EndGlobal
